
Microsoft Visual Studio Solution File, Format Version 12.00
# Visual Studio Version 17
VisualStudioVersion = 17.5.33530.505
MinimumVisualStudioVersion = 10.0.40219.1
Project("{FAE04EC0-301F-11D3-BF4B-00C04F79EFBC}") = "StudentAdminPortal.Api", "StudentAdminPortal.Api\StudentAdminPortal.Api.csproj", "{24D08748-E59B-4A47-BDC6-5A913F180C3D}"
EndProject
Global
	GlobalSection(SolutionConfigurationPlatforms) = preSolution
		Debug|Any CPU = Debug|Any CPU
		Release|Any CPU = Release|Any CPU
	EndGlobalSection
	GlobalSection(ProjectConfigurationPlatforms) = postSolution
		{24D08748-E59B-4A47-BDC6-5A913F180C3D}.Debug|Any CPU.ActiveCfg = Debug|Any CPU
		{24D08748-E59B-4A47-BDC6-5A913F180C3D}.Debug|Any CPU.Build.0 = Debug|Any CPU
		{24D08748-E59B-4A47-BDC6-5A913F180C3D}.Release|Any CPU.ActiveCfg = Release|Any CPU
		{24D08748-E59B-4A47-BDC6-5A913F180C3D}.Release|Any CPU.Build.0 = Release|Any CPU
	EndGlobalSection
	GlobalSection(SolutionProperties) = preSolution
		HideSolutionNode = FALSE
	EndGlobalSection
	GlobalSection(ExtensibilityGlobals) = postSolution
		SolutionGuid = {CBD3C775-BB8A-4A42-981B-7FA6E5CA81F4}
	EndGlobalSection
EndGlobal
